
Microsoft Visual Studio Solution File, Format Version 12.00
# Visual Studio Version 16
VisualStudioVersion = 16.0.31424.327
MinimumVisualStudioVersion = 10.0.40219.1
Project("{FAE04EC0-301F-11D3-BF4B-00C04F79EFBC}") = "WebApp", "WebApp\WebApp.csproj", "{10920B0F-D761-421B-AE60-0DFB78D2C4DE}"
EndProject
Global
	GlobalSection(SolutionConfigurationPlatforms) = preSolution
		Debug|Any CPU = Debug|Any CPU
		Release|Any CPU = Release|Any CPU
	EndGlobalSection
	GlobalSection(ProjectConfigurationPlatforms) = postSolution
		{10920B0F-D761-421B-AE60-0DFB78D2C4DE}.Debug|Any CPU.ActiveCfg = Debug|Any CPU
		{10920B0F-D761-421B-AE60-0DFB78D2C4DE}.Debug|Any CPU.Build.0 = Debug|Any CPU
		{10920B0F-D761-421B-AE60-0DFB78D2C4DE}.Release|Any CPU.ActiveCfg = Release|Any CPU
		{10920B0F-D761-421B-AE60-0DFB78D2C4DE}.Release|Any CPU.Build.0 = Release|Any CPU
	EndGlobalSection
	GlobalSection(SolutionProperties) = preSolution
		HideSolutionNode = FALSE
	EndGlobalSection
	GlobalSection(ExtensibilityGlobals) = postSolution
		SolutionGuid = {614091E0-372C-4130-AD06-801E7268F44D}
	EndGlobalSection
EndGlobal
